{
  "name": "unslop",
  "version": "1.9.7",
  "lockfileVersion": 3,
  "requires": true,
  "packages": {
    "": {
      "name": "unslop",
      "version": "1.9.7",
      "license": "MIT",
      "bin": {
        "unslop": "bin/cli.js"
      },
      "engines": {
        "node": ">=18.0.0"
      }
    }
  }
}
