{
  "name": "unslop-preflight",
  "version": "1.13.0",
  "lockfileVersion": 3,
  "requires": true,
  "packages": {
    "": {
      "name": "unslop-preflight",
      "version": "1.13.0",
      "license": "MIT",
      "bin": {
        "unslop": "bin/cli.js",
        "unslop-preflight": "bin/cli.js"
      },
      "engines": {
        "node": ">=18.0.0"
      }
    }
  }
}
